
Microsoft Visual Studio Solution File, Format Version 12.00
# Visual Studio Version 16
VisualStudioVersion = 16.0.30621.155
MinimumVisualStudioVersion = 10.0.40219.1
Project("{A0786B88-2ADB-4C21-ABE8-AA2D79766269}") = "RGCafe", "RGCafe.phpproj", "{511C0AC2-286D-4B74-9757-F46487A218A5}"
EndProject
Global
	GlobalSection(SolutionConfigurationPlatforms) = preSolution
		Debug|Any CPU = Debug|Any CPU
		Release|Any CPU = Release|Any CPU
	EndGlobalSection
	GlobalSection(ProjectConfigurationPlatforms) = postSolution
		{511C0AC2-286D-4B74-9757-F46487A218A5}.Debug|Any CPU.ActiveCfg = Debug|Any CPU
		{511C0AC2-286D-4B74-9757-F46487A218A5}.Release|Any CPU.ActiveCfg = Release|Any CPU
	EndGlobalSection
	GlobalSection(SolutionProperties) = preSolution
		HideSolutionNode = FALSE
	EndGlobalSection
	GlobalSection(ExtensibilityGlobals) = postSolution
		SolutionGuid = {C3FCE2C8-FBB2-47B4-90AD-845E324577B8}
	EndGlobalSection
EndGlobal
